{
  "checksum": "22811af1895be06626aab881ad23b975988a9fbd343f34d63e731f798c498cfb",
  "crates": {
    "direct-cargo-bazel-deps 0.0.1": {
      "name": "direct-cargo-bazel-deps",
      "version": "0.0.1",
      "repository": null,
      "targets": [
        {
          "Library": {
            "crate_name": "direct_cargo_bazel_deps",
            "crate_root": ".direct_cargo_bazel_deps.rs",
            "srcs": [
              "**/*.rs"
            ]
          }
        }
      ],
      "library_target_name": "direct_cargo_bazel_deps",
      "common_attrs": {
        "compile_data_glob": [
          "**"
        ],
        "deps": {
          "common": [
            {
              "id": "protobuf 3.3.0",
              "target": "protobuf"
            }
          ],
          "selects": {}
        },
        "edition": "2018",
        "version": "0.0.1"
      },
      "license": null
    },
    "once_cell 1.18.0": {
      "name": "once_cell",
      "version": "1.18.0",
      "repository": {
        "Http": {
          "url": "https://crates.io/api/v1/crates/once_cell/1.18.0/download",
          "sha256": "dd8b5dd2ae5ed71462c540258bedcb51965123ad7e7ccf4b9a8cafaa4a63576d"
        }
      },
      "targets": [
        {
          "Library": {
            "crate_name": "once_cell",
            "crate_root": "src/lib.rs",
            "srcs": [
              "**/*.rs"
            ]
          }
        }
      ],
      "library_target_name": "once_cell",
      "common_attrs": {
        "compile_data_glob": [
          "**"
        ],
        "crate_features": {
          "common": [
            "alloc",
            "default",
            "race",
            "std"
          ],
          "selects": {}
        },
        "edition": "2021",
        "version": "1.18.0"
      },
      "license": "MIT OR Apache-2.0"
    },
    "proc-macro2 1.0.66": {
      "name": "proc-macro2",
      "version": "1.0.66",
      "repository": {
        "Http": {
          "url": "https://crates.io/api/v1/crates/proc-macro2/1.0.66/download",
          "sha256": "18fb31db3f9bddb2ea821cde30a9f70117e3f119938b5ee630b7403aa6e2ead9"
        }
      },
      "targets": [
        {
          "Library": {
            "crate_name": "proc_macro2",
            "crate_root": "src/lib.rs",
            "srcs": [
              "**/*.rs"
            ]
          }
        },
        {
          "BuildScript": {
            "crate_name": "build_script_build",
            "crate_root": "build.rs",
            "srcs": [
              "**/*.rs"
            ]
          }
        }
      ],
      "library_target_name": "proc_macro2",
      "common_attrs": {
        "compile_data_glob": [
          "**"
        ],
        "crate_features": {
          "common": [
            "default",
            "proc-macro"
          ],
          "selects": {}
        },
        "deps": {
          "common": [
            {
              "id": "proc-macro2 1.0.66",
              "target": "build_script_build"
            },
            {
              "id": "unicode-ident 1.0.11",
              "target": "unicode_ident"
            }
          ],
          "selects": {}
        },
        "edition": "2021",
        "version": "1.0.66"
      },
      "build_script_attrs": {
        "data_glob": [
          "**"
        ]
      },
      "license": "MIT OR Apache-2.0"
    },
    "protobuf 3.3.0": {
      "name": "protobuf",
      "version": "3.3.0",
      "repository": {
        "Http": {
          "url": "https://crates.io/api/v1/crates/protobuf/3.3.0/download",
          "sha256": "b65f4a8ec18723a734e5dc09c173e0abf9690432da5340285d536edcb4dac190"
        }
      },
      "targets": [
        {
          "Library": {
            "crate_name": "protobuf",
            "crate_root": "src/lib.rs",
            "srcs": [
              "**/*.rs"
            ]
          }
        },
        {
          "BuildScript": {
            "crate_name": "build_script_build",
            "crate_root": "build.rs",
            "srcs": [
              "**/*.rs"
            ]
          }
        }
      ],
      "library_target_name": "protobuf",
      "common_attrs": {
        "compile_data_glob": [
          "**"
        ],
        "crate_features": {
          "common": [
            "default"
          ],
          "selects": {}
        },
        "deps": {
          "common": [
            {
              "id": "once_cell 1.18.0",
              "target": "once_cell"
            },
            {
              "id": "protobuf 3.3.0",
              "target": "build_script_build"
            },
            {
              "id": "protobuf-support 3.3.0",
              "target": "protobuf_support"
            },
            {
              "id": "thiserror 1.0.44",
              "target": "thiserror"
            }
          ],
          "selects": {}
        },
        "edition": "2021",
        "version": "3.3.0"
      },
      "build_script_attrs": {
        "data_glob": [
          "**"
        ]
      },
      "license": "MIT"
    },
    "protobuf-support 3.3.0": {
      "name": "protobuf-support",
      "version": "3.3.0",
      "repository": {
        "Http": {
          "url": "https://crates.io/api/v1/crates/protobuf-support/3.3.0/download",
          "sha256": "6872f4d4f4b98303239a2b5838f5bbbb77b01ffc892d627957f37a22d7cfe69c"
        }
      },
      "targets": [
        {
          "Library": {
            "crate_name": "protobuf_support",
            "crate_root": "src/lib.rs",
            "srcs": [
              "**/*.rs"
            ]
          }
        }
      ],
      "library_target_name": "protobuf_support",
      "common_attrs": {
        "compile_data_glob": [
          "**"
        ],
        "deps": {
          "common": [
            {
              "id": "thiserror 1.0.44",
              "target": "thiserror"
            }
          ],
          "selects": {}
        },
        "edition": "2021",
        "version": "3.3.0"
      },
      "license": "MIT"
    },
    "quote 1.0.32": {
      "name": "quote",
      "version": "1.0.32",
      "repository": {
        "Http": {
          "url": "https://crates.io/api/v1/crates/quote/1.0.32/download",
          "sha256": "50f3b39ccfb720540debaa0164757101c08ecb8d326b15358ce76a62c7e85965"
        }
      },
      "targets": [
        {
          "Library": {
            "crate_name": "quote",
            "crate_root": "src/lib.rs",
            "srcs": [
              "**/*.rs"
            ]
          }
        }
      ],
      "library_target_name": "quote",
      "common_attrs": {
        "compile_data_glob": [
          "**"
        ],
        "crate_features": {
          "common": [
            "default",
            "proc-macro"
          ],
          "selects": {}
        },
        "deps": {
          "common": [
            {
              "id": "proc-macro2 1.0.66",
              "target": "proc_macro2"
            }
          ],
          "selects": {}
        },
        "edition": "2018",
        "version": "1.0.32"
      },
      "license": "MIT OR Apache-2.0"
    },
    "syn 2.0.28": {
      "name": "syn",
      "version": "2.0.28",
      "repository": {
        "Http": {
          "url": "https://crates.io/api/v1/crates/syn/2.0.28/download",
          "sha256": "04361975b3f5e348b2189d8dc55bc942f278b2d482a6a0365de5bdd62d351567"
        }
      },
      "targets": [
        {
          "Library": {
            "crate_name": "syn",
            "crate_root": "src/lib.rs",
            "srcs": [
              "**/*.rs"
            ]
          }
        }
      ],
      "library_target_name": "syn",
      "common_attrs": {
        "compile_data_glob": [
          "**"
        ],
        "crate_features": {
          "common": [
            "clone-impls",
            "default",
            "derive",
            "parsing",
            "printing",
            "proc-macro",
            "quote"
          ],
          "selects": {}
        },
        "deps": {
          "common": [
            {
              "id": "proc-macro2 1.0.66",
              "target": "proc_macro2"
            },
            {
              "id": "quote 1.0.32",
              "target": "quote"
            },
            {
              "id": "unicode-ident 1.0.11",
              "target": "unicode_ident"
            }
          ],
          "selects": {}
        },
        "edition": "2021",
        "version": "2.0.28"
      },
      "license": "MIT OR Apache-2.0"
    },
    "thiserror 1.0.44": {
      "name": "thiserror",
      "version": "1.0.44",
      "repository": {
        "Http": {
          "url": "https://crates.io/api/v1/crates/thiserror/1.0.44/download",
          "sha256": "611040a08a0439f8248d1990b111c95baa9c704c805fa1f62104b39655fd7f90"
        }
      },
      "targets": [
        {
          "Library": {
            "crate_name": "thiserror",
            "crate_root": "src/lib.rs",
            "srcs": [
              "**/*.rs"
            ]
          }
        },
        {
          "BuildScript": {
            "crate_name": "build_script_build",
            "crate_root": "build.rs",
            "srcs": [
              "**/*.rs"
            ]
          }
        }
      ],
      "library_target_name": "thiserror",
      "common_attrs": {
        "compile_data_glob": [
          "**"
        ],
        "deps": {
          "common": [
            {
              "id": "thiserror 1.0.44",
              "target": "build_script_build"
            }
          ],
          "selects": {}
        },
        "edition": "2021",
        "proc_macro_deps": {
          "common": [
            {
              "id": "thiserror-impl 1.0.44",
              "target": "thiserror_impl"
            }
          ],
          "selects": {}
        },
        "version": "1.0.44"
      },
      "build_script_attrs": {
        "data_glob": [
          "**"
        ]
      },
      "license": "MIT OR Apache-2.0"
    },
    "thiserror-impl 1.0.44": {
      "name": "thiserror-impl",
      "version": "1.0.44",
      "repository": {
        "Http": {
          "url": "https://crates.io/api/v1/crates/thiserror-impl/1.0.44/download",
          "sha256": "090198534930841fab3a5d1bb637cde49e339654e606195f8d9c76eeb081dc96"
        }
      },
      "targets": [
        {
          "ProcMacro": {
            "crate_name": "thiserror_impl",
            "crate_root": "src/lib.rs",
            "srcs": [
              "**/*.rs"
            ]
          }
        }
      ],
      "library_target_name": "thiserror_impl",
      "common_attrs": {
        "compile_data_glob": [
          "**"
        ],
        "deps": {
          "common": [
            {
              "id": "proc-macro2 1.0.66",
              "target": "proc_macro2"
            },
            {
              "id": "quote 1.0.32",
              "target": "quote"
            },
            {
              "id": "syn 2.0.28",
              "target": "syn"
            }
          ],
          "selects": {}
        },
        "edition": "2021",
        "version": "1.0.44"
      },
      "license": "MIT OR Apache-2.0"
    },
    "unicode-ident 1.0.11": {
      "name": "unicode-ident",
      "version": "1.0.11",
      "repository": {
        "Http": {
          "url": "https://crates.io/api/v1/crates/unicode-ident/1.0.11/download",
          "sha256": "301abaae475aa91687eb82514b328ab47a211a533026cb25fc3e519b86adfc3c"
        }
      },
      "targets": [
        {
          "Library": {
            "crate_name": "unicode_ident",
            "crate_root": "src/lib.rs",
            "srcs": [
              "**/*.rs"
            ]
          }
        }
      ],
      "library_target_name": "unicode_ident",
      "common_attrs": {
        "compile_data_glob": [
          "**"
        ],
        "edition": "2018",
        "version": "1.0.11"
      },
      "license": "(MIT OR Apache-2.0) AND Unicode-DFS-2016"
    }
  },
  "binary_crates": [],
  "workspace_members": {
    "direct-cargo-bazel-deps 0.0.1": ""
  },
  "conditions": {
    "aarch64-apple-darwin": [
      "aarch64-apple-darwin"
    ],
    "aarch64-apple-ios": [
      "aarch64-apple-ios"
    ],
    "aarch64-apple-ios-sim": [
      "aarch64-apple-ios-sim"
    ],
    "aarch64-fuchsia": [
      "aarch64-fuchsia"
    ],
    "aarch64-linux-android": [
      "aarch64-linux-android"
    ],
    "aarch64-pc-windows-msvc": [
      "aarch64-pc-windows-msvc"
    ],
    "aarch64-unknown-linux-gnu": [
      "aarch64-unknown-linux-gnu"
    ],
    "arm-unknown-linux-gnueabi": [
      "arm-unknown-linux-gnueabi"
    ],
    "armv7-linux-androideabi": [
      "armv7-linux-androideabi"
    ],
    "armv7-unknown-linux-gnueabi": [
      "armv7-unknown-linux-gnueabi"
    ],
    "i686-apple-darwin": [
      "i686-apple-darwin"
    ],
    "i686-linux-android": [
      "i686-linux-android"
    ],
    "i686-pc-windows-msvc": [
      "i686-pc-windows-msvc"
    ],
    "i686-unknown-freebsd": [
      "i686-unknown-freebsd"
    ],
    "i686-unknown-linux-gnu": [
      "i686-unknown-linux-gnu"
    ],
    "powerpc-unknown-linux-gnu": [
      "powerpc-unknown-linux-gnu"
    ],
    "riscv32imc-unknown-none-elf": [
      "riscv32imc-unknown-none-elf"
    ],
    "riscv64gc-unknown-none-elf": [
      "riscv64gc-unknown-none-elf"
    ],
    "s390x-unknown-linux-gnu": [
      "s390x-unknown-linux-gnu"
    ],
    "thumbv7em-none-eabi": [
      "thumbv7em-none-eabi"
    ],
    "thumbv8m.main-none-eabi": [
      "thumbv8m.main-none-eabi"
    ],
    "wasm32-unknown-unknown": [
      "wasm32-unknown-unknown"
    ],
    "wasm32-wasi": [
      "wasm32-wasi"
    ],
    "x86_64-apple-darwin": [
      "x86_64-apple-darwin"
    ],
    "x86_64-apple-ios": [
      "x86_64-apple-ios"
    ],
    "x86_64-fuchsia": [
      "x86_64-fuchsia"
    ],
    "x86_64-linux-android": [
      "x86_64-linux-android"
    ],
    "x86_64-pc-windows-msvc": [
      "x86_64-pc-windows-msvc"
    ],
    "x86_64-unknown-freebsd": [
      "x86_64-unknown-freebsd"
    ],
    "x86_64-unknown-linux-gnu": [
      "x86_64-unknown-linux-gnu"
    ],
    "x86_64-unknown-none": [
      "x86_64-unknown-none"
    ]
  }
}
